
Microsoft Visual Studio Solution File, Format Version 12.00
Project("{FAE04EC0-301F-11D3-BF4B-00C04F79EFBC}") = "HospedagemHotel", "HospedagemHotel.csproj", "{C6AD2766-FC67-47B9-A7D6-87A62DCE695E}"
EndProject
Global
	GlobalSection(SolutionConfigurationPlatforms) = preSolution
		Debug|Any CPU = Debug|Any CPU
		Release|Any CPU = Release|Any CPU
	EndGlobalSection
	GlobalSection(ProjectConfigurationPlatforms) = postSolution
		{C6AD2766-FC67-47B9-A7D6-87A62DCE695E}.Debug|Any CPU.ActiveCfg = Debug|Any CPU
		{C6AD2766-FC67-47B9-A7D6-87A62DCE695E}.Debug|Any CPU.Build.0 = Debug|Any CPU
		{C6AD2766-FC67-47B9-A7D6-87A62DCE695E}.Release|Any CPU.ActiveCfg = Release|Any CPU
		{C6AD2766-FC67-47B9-A7D6-87A62DCE695E}.Release|Any CPU.Build.0 = Release|Any CPU
	EndGlobalSection
EndGlobal
